
Microsoft Visual Studio Solution File, Format Version 12.00
# Visual Studio Version 17
VisualStudioVersion = 17.4.33213.308
MinimumVisualStudioVersion = 10.0.40219.1
Project("{8BC9CEB8-8B4A-11D0-8D11-00A0C91BC942}") = "AES", "AES\AES.vcxproj", "{CA301009-4E4D-4468-AC34-6BB388C3F906}"
EndProject
Project("{FAE04EC0-301F-11D3-BF4B-00C04F79EFBC}") = "Crypting", "Crypting\Crypting.csproj", "{350968DC-C090-4854-B40D-71CE811733D2}"
EndProject
Global
	GlobalSection(SolutionConfigurationPlatforms) = preSolution
		Debug|Any CPU = Debug|Any CPU
		Debug|x86 = Debug|x86
		Release|Any CPU = Release|Any CPU
		Release|x86 = Release|x86
	EndGlobalSection
	GlobalSection(ProjectConfigurationPlatforms) = postSolution
		{CA301009-4E4D-4468-AC34-6BB388C3F906}.Debug|Any CPU.ActiveCfg = Debug|Win32
		{CA301009-4E4D-4468-AC34-6BB388C3F906}.Debug|Any CPU.Build.0 = Debug|Win32
		{CA301009-4E4D-4468-AC34-6BB388C3F906}.Debug|x86.ActiveCfg = Debug|Win32
		{CA301009-4E4D-4468-AC34-6BB388C3F906}.Debug|x86.Build.0 = Debug|Win32
		{CA301009-4E4D-4468-AC34-6BB388C3F906}.Release|Any CPU.ActiveCfg = Release|Win32
		{CA301009-4E4D-4468-AC34-6BB388C3F906}.Release|Any CPU.Build.0 = Release|Win32
		{CA301009-4E4D-4468-AC34-6BB388C3F906}.Release|x86.ActiveCfg = Release|Win32
		{CA301009-4E4D-4468-AC34-6BB388C3F906}.Release|x86.Build.0 = Release|Win32
		{350968DC-C090-4854-B40D-71CE811733D2}.Debug|Any CPU.ActiveCfg = Debug|Any CPU
		{350968DC-C090-4854-B40D-71CE811733D2}.Debug|Any CPU.Build.0 = Debug|Any CPU
		{350968DC-C090-4854-B40D-71CE811733D2}.Debug|x86.ActiveCfg = Debug|Any CPU
		{350968DC-C090-4854-B40D-71CE811733D2}.Debug|x86.Build.0 = Debug|Any CPU
		{350968DC-C090-4854-B40D-71CE811733D2}.Release|Any CPU.ActiveCfg = Release|Any CPU
		{350968DC-C090-4854-B40D-71CE811733D2}.Release|Any CPU.Build.0 = Release|Any CPU
		{350968DC-C090-4854-B40D-71CE811733D2}.Release|x86.ActiveCfg = Release|Any CPU
		{350968DC-C090-4854-B40D-71CE811733D2}.Release|x86.Build.0 = Release|Any CPU
	EndGlobalSection
	GlobalSection(SolutionProperties) = preSolution
		HideSolutionNode = FALSE
	EndGlobalSection
	GlobalSection(ExtensibilityGlobals) = postSolution
		SolutionGuid = {31558F13-1C09-477C-AE2E-057F222AF403}
	EndGlobalSection
EndGlobal
